{
  "object": {
    "pins": [
      {
        "package": "ApplicationExtensions",
        "repositoryURL": "https://github.com/elegantchaos/ApplicationExtensions.git",
        "state": {
          "branch": null,
          "revision": "b8f48ff3f8d15ad15ab4077e17f92f3ae9e46381",
          "version": "1.0.7"
        }
      },
      {
        "package": "Arguments",
        "repositoryURL": "https://github.com/elegantchaos/Arguments.git",
        "state": {
          "branch": null,
          "revision": "580f0f7886f1ac2c94358dbf042c5e00a93d69c8",
          "version": "1.1.1"
        }
      },
      {
        "package": "CollectionExtensions",
        "repositoryURL": "https://github.com/elegantchaos/CollectionExtensions.git",
        "state": {
          "branch": null,
          "revision": "d38d95d1458f1ef877c72584895da51e1b2d5149",
          "version": "1.0.1"
        }
      },
      {
        "package": "Coverage",
        "repositoryURL": "https://github.com/elegantchaos/Coverage.git",
        "state": {
          "branch": null,
          "revision": "fa0d05817cb910923ace380a9a17fb2862d92ec9",
          "version": "1.0.6"
        }
      },
      {
        "package": "Docopt",
        "repositoryURL": "https://github.com/elegantchaos/docopt.swift.git",
        "state": {
          "branch": null,
          "revision": "fe5bebd9829d1cf56bf062bca70809a09b7144b6",
          "version": "0.6.12"
        }
      },
      {
        "package": "Localization",
        "repositoryURL": "https://github.com/elegantchaos/Localization",
        "state": {
          "branch": null,
          "revision": "74d7471c99389e432970eb9d7cc307d8b20d95c0",
          "version": "1.0.1"
        }
      },
      {
        "package": "Logger",
        "repositoryURL": "https://github.com/elegantchaos/Logger.git",
        "state": {
          "branch": null,
          "revision": "e4073d0427146d2884730d0cdcb62e4ce0f80938",
          "version": "1.5.2"
        }
      },
      {
        "package": "Runner",
        "repositoryURL": "https://github.com/elegantchaos/Runner.git",
        "state": {
          "branch": null,
          "revision": "394f2a5a92ac6b81215a3eeaec5ee4c8227a4a47",
          "version": "1.0.5"
        }
      }
    ]
  },
  "version": 1
}
