{
  "object": {
    "pins": [
      {
        "package": "Actions",
        "repositoryURL": "https://github.com/elegantchaos/Actions.git",
        "state": {
          "branch": null,
          "revision": "19111bc61490fd50c9dfd746ec5e79188ca1a2d3",
          "version": "1.5.1"
        }
      },
      {
        "package": "ActionsKit",
        "repositoryURL": "https://github.com/elegantchaos/ActionsKit.git",
        "state": {
          "branch": null,
          "revision": "3a1a4c924964404ead8fe6b75b9e00ab30550095",
          "version": "1.1.0"
        }
      },
      {
        "package": "ApplicationExtensions",
        "repositoryURL": "https://github.com/elegantchaos/ApplicationExtensions.git",
        "state": {
          "branch": null,
          "revision": "ecf05187fde4dd629b3fee65e30818e3a278124d",
          "version": "1.0.8"
        }
      },
      {
        "package": "CollectionExtensions",
        "repositoryURL": "https://github.com/elegantchaos/CollectionExtensions.git",
        "state": {
          "branch": null,
          "revision": "d38d95d1458f1ef877c72584895da51e1b2d5149",
          "version": "1.0.1"
        }
      },
      {
        "package": "ISBN",
        "repositoryURL": "https://github.com/elegantchaos/ISBN.git",
        "state": {
          "branch": null,
          "revision": "536c1a0c5bc077043b2743013421ae41166bcde9",
          "version": "1.0.0"
        }
      },
      {
        "package": "Localization",
        "repositoryURL": "https://github.com/elegantchaos/Localization.git",
        "state": {
          "branch": null,
          "revision": "c7e9058785748455314cd3b5bedc300d17bc287f",
          "version": "1.0.3"
        }
      },
      {
        "package": "Logger",
        "repositoryURL": "https://github.com/elegantchaos/Logger.git",
        "state": {
          "branch": null,
          "revision": "cd67757f696ce6c8353d874d867a49b8e2306e2f",
          "version": "1.5.3"
        }
      }
    ]
  },
  "version": 1
}
